{
  "name": "betterserve-syntax-highlighter",
  "version": "0.0.1",
  "lockfileVersion": 3,
  "requires": true,
  "packages": {
    "": {
      "name": "betterserve-syntax-highlighter",
      "version": "0.0.1",
      "dependencies": {
        "betterserve-syntax-highlighter": "file:"
      },
      "engines": {
        "vscode": "^1.99.0"
      }
    },
    "node_modules/betterserve-syntax-highlighter": {
      "resolved": "",
      "link": true
    }
  }
}
